
Microsoft Visual Studio Solution File, Format Version 12.00
# Visual Studio Version 17
VisualStudioVersion = 17.0.31903.59
MinimumVisualStudioVersion = 10.0.40219.1
Project("{FAE04EC0-301F-11D3-BF4B-00C04F79EFBC}") = "Ex06", "Ex06\Ex06.csproj", "{567FF918-41F6-4486-A3B5-224676F60CF3}"
EndProject
Project("{FAE04EC0-301F-11D3-BF4B-00C04F79EFBC}") = "Ex06b", "Ex06b\Ex06b.csproj", "{8230C9EA-CF01-4D7D-A795-CEEFD5ADA8AF}"
EndProject
Project("{FAE04EC0-301F-11D3-BF4B-00C04F79EFBC}") = "Ex01", "Ex01\Ex01.csproj", "{3B69A1A3-25B6-46AE-BA31-9FBFA8FBD436}"
EndProject
Project("{FAE04EC0-301F-11D3-BF4B-00C04F79EFBC}") = "Ex02", "Ex02\Ex02.csproj", "{64629C42-EBD5-497D-B8E0-9A181C640367}"
EndProject
Project("{FAE04EC0-301F-11D3-BF4B-00C04F79EFBC}") = "Ex03", "Ex03\Ex03.csproj", "{F5E464CC-B85C-4103-96C1-9A61F98BFB69}"
EndProject
Project("{FAE04EC0-301F-11D3-BF4B-00C04F79EFBC}") = "Ex04", "Ex04\Ex04.csproj", "{F8B11D0D-BA16-446C-B9C7-22C496AD2074}"
EndProject
Project("{FAE04EC0-301F-11D3-BF4B-00C04F79EFBC}") = "Ex05", "Ex05\Ex05.csproj", "{0A972572-1FFB-48CC-862A-5F99AB1FC9C0}"
EndProject
Global
	GlobalSection(SolutionConfigurationPlatforms) = preSolution
		Debug|Any CPU = Debug|Any CPU
		Release|Any CPU = Release|Any CPU
	EndGlobalSection
	GlobalSection(SolutionProperties) = preSolution
		HideSolutionNode = FALSE
	EndGlobalSection
	GlobalSection(ProjectConfigurationPlatforms) = postSolution
		{567FF918-41F6-4486-A3B5-224676F60CF3}.Debug|Any CPU.ActiveCfg = Debug|Any CPU
		{567FF918-41F6-4486-A3B5-224676F60CF3}.Debug|Any CPU.Build.0 = Debug|Any CPU
		{567FF918-41F6-4486-A3B5-224676F60CF3}.Release|Any CPU.ActiveCfg = Release|Any CPU
		{567FF918-41F6-4486-A3B5-224676F60CF3}.Release|Any CPU.Build.0 = Release|Any CPU
		{8230C9EA-CF01-4D7D-A795-CEEFD5ADA8AF}.Debug|Any CPU.ActiveCfg = Debug|Any CPU
		{8230C9EA-CF01-4D7D-A795-CEEFD5ADA8AF}.Debug|Any CPU.Build.0 = Debug|Any CPU
		{8230C9EA-CF01-4D7D-A795-CEEFD5ADA8AF}.Release|Any CPU.ActiveCfg = Release|Any CPU
		{8230C9EA-CF01-4D7D-A795-CEEFD5ADA8AF}.Release|Any CPU.Build.0 = Release|Any CPU
		{3B69A1A3-25B6-46AE-BA31-9FBFA8FBD436}.Debug|Any CPU.ActiveCfg = Debug|Any CPU
		{3B69A1A3-25B6-46AE-BA31-9FBFA8FBD436}.Debug|Any CPU.Build.0 = Debug|Any CPU
		{3B69A1A3-25B6-46AE-BA31-9FBFA8FBD436}.Release|Any CPU.ActiveCfg = Release|Any CPU
		{3B69A1A3-25B6-46AE-BA31-9FBFA8FBD436}.Release|Any CPU.Build.0 = Release|Any CPU
		{64629C42-EBD5-497D-B8E0-9A181C640367}.Debug|Any CPU.ActiveCfg = Debug|Any CPU
		{64629C42-EBD5-497D-B8E0-9A181C640367}.Debug|Any CPU.Build.0 = Debug|Any CPU
		{64629C42-EBD5-497D-B8E0-9A181C640367}.Release|Any CPU.ActiveCfg = Release|Any CPU
		{64629C42-EBD5-497D-B8E0-9A181C640367}.Release|Any CPU.Build.0 = Release|Any CPU
		{F5E464CC-B85C-4103-96C1-9A61F98BFB69}.Debug|Any CPU.ActiveCfg = Debug|Any CPU
		{F5E464CC-B85C-4103-96C1-9A61F98BFB69}.Debug|Any CPU.Build.0 = Debug|Any CPU
		{F5E464CC-B85C-4103-96C1-9A61F98BFB69}.Release|Any CPU.ActiveCfg = Release|Any CPU
		{F5E464CC-B85C-4103-96C1-9A61F98BFB69}.Release|Any CPU.Build.0 = Release|Any CPU
		{F8B11D0D-BA16-446C-B9C7-22C496AD2074}.Debug|Any CPU.ActiveCfg = Debug|Any CPU
		{F8B11D0D-BA16-446C-B9C7-22C496AD2074}.Debug|Any CPU.Build.0 = Debug|Any CPU
		{F8B11D0D-BA16-446C-B9C7-22C496AD2074}.Release|Any CPU.ActiveCfg = Release|Any CPU
		{F8B11D0D-BA16-446C-B9C7-22C496AD2074}.Release|Any CPU.Build.0 = Release|Any CPU
		{0A972572-1FFB-48CC-862A-5F99AB1FC9C0}.Debug|Any CPU.ActiveCfg = Debug|Any CPU
		{0A972572-1FFB-48CC-862A-5F99AB1FC9C0}.Debug|Any CPU.Build.0 = Debug|Any CPU
		{0A972572-1FFB-48CC-862A-5F99AB1FC9C0}.Release|Any CPU.ActiveCfg = Release|Any CPU
		{0A972572-1FFB-48CC-862A-5F99AB1FC9C0}.Release|Any CPU.Build.0 = Release|Any CPU
	EndGlobalSection
EndGlobal
